
Microsoft Visual Studio Solution File, Format Version 12.00
# Visual Studio 15
VisualStudioVersion = 15.0.27130.2010
MinimumVisualStudioVersion = 10.0.40219.1
Project("{FAE04EC0-301F-11D3-BF4B-00C04F79EFBC}") = "CoiniumServ", "src\CoiniumServ\CoiniumServ.csproj", "{19D7D7AD-E7BF-4006-B0FB-9B4A32A740C8}"
EndProject
Global
	GlobalSection(SolutionConfigurationPlatforms) = preSolution
		Debug|Any CPU = Debug|Any CPU
		Release|Any CPU = Release|Any CPU
	EndGlobalSection
	GlobalSection(ProjectConfigurationPlatforms) = postSolution
		{19D7D7AD-E7BF-4006-B0FB-9B4A32A740C8}.Debug|Any CPU.ActiveCfg = Debug|Any CPU
		{19D7D7AD-E7BF-4006-B0FB-9B4A32A740C8}.Debug|Any CPU.Build.0 = Debug|Any CPU
		{19D7D7AD-E7BF-4006-B0FB-9B4A32A740C8}.Release|Any CPU.ActiveCfg = Release|Any CPU
		{19D7D7AD-E7BF-4006-B0FB-9B4A32A740C8}.Release|Any CPU.Build.0 = Release|Any CPU
	EndGlobalSection
	GlobalSection(SolutionProperties) = preSolution
		HideSolutionNode = FALSE
	EndGlobalSection
	GlobalSection(ExtensibilityGlobals) = postSolution
		SolutionGuid = {D9B2F23A-ED2F-496D-B82D-BC81B9E42A37}
	EndGlobalSection
EndGlobal
