
Microsoft Visual Studio Solution File, Format Version 12.00
# Visual Studio 15
VisualStudioVersion = 15.0.27130.2010
MinimumVisualStudioVersion = 10.0.40219.1
Project("{9A19103F-16F7-4668-BE54-9A1E7A4F7556}") = "Tests", "src\Tests\Tests.csproj", "{6045414C-C243-45B1-907E-3CC9FC168169}"
EndProject
Project("{9A19103F-16F7-4668-BE54-9A1E7A4F7556}") = "CoiniumServ", "src\CoiniumServ\CoiniumServ.csproj", "{FDDC0C92-0F51-4B05-B5E2-5B9479AFF540}"
EndProject
Project("{9A19103F-16F7-4668-BE54-9A1E7A4F7556}") = "Nancy.CustomErrors.NetStandard1.6", "contrib\Nancy.CustomErrors\src\Nancy.CustomErrors.NetStandard1.6\Nancy.CustomErrors.NetStandard1.6.csproj", "{7EC1D299-070E-46BC-A02C-1FCDB86AA893}"
EndProject
Global
	GlobalSection(SolutionConfigurationPlatforms) = preSolution
		CI|Any CPU = CI|Any CPU
		Debug|Any CPU = Debug|Any CPU
		Release|Any CPU = Release|Any CPU
	EndGlobalSection
	GlobalSection(ProjectConfigurationPlatforms) = postSolution
		{6045414C-C243-45B1-907E-3CC9FC168169}.CI|Any CPU.ActiveCfg = CI|Any CPU
		{6045414C-C243-45B1-907E-3CC9FC168169}.CI|Any CPU.Build.0 = CI|Any CPU
		{6045414C-C243-45B1-907E-3CC9FC168169}.Debug|Any CPU.ActiveCfg = Debug|Any CPU
		{6045414C-C243-45B1-907E-3CC9FC168169}.Debug|Any CPU.Build.0 = Debug|Any CPU
		{6045414C-C243-45B1-907E-3CC9FC168169}.Release|Any CPU.ActiveCfg = Release|Any CPU
		{6045414C-C243-45B1-907E-3CC9FC168169}.Release|Any CPU.Build.0 = Release|Any CPU
		{FDDC0C92-0F51-4B05-B5E2-5B9479AFF540}.CI|Any CPU.ActiveCfg = CI|Any CPU
		{FDDC0C92-0F51-4B05-B5E2-5B9479AFF540}.CI|Any CPU.Build.0 = CI|Any CPU
		{FDDC0C92-0F51-4B05-B5E2-5B9479AFF540}.Debug|Any CPU.ActiveCfg = Debug|Any CPU
		{FDDC0C92-0F51-4B05-B5E2-5B9479AFF540}.Debug|Any CPU.Build.0 = Debug|Any CPU
		{FDDC0C92-0F51-4B05-B5E2-5B9479AFF540}.Release|Any CPU.ActiveCfg = Release|Any CPU
		{FDDC0C92-0F51-4B05-B5E2-5B9479AFF540}.Release|Any CPU.Build.0 = Release|Any CPU
		{7EC1D299-070E-46BC-A02C-1FCDB86AA893}.CI|Any CPU.ActiveCfg = CI|Any CPU
		{7EC1D299-070E-46BC-A02C-1FCDB86AA893}.CI|Any CPU.Build.0 = CI|Any CPU
		{7EC1D299-070E-46BC-A02C-1FCDB86AA893}.Debug|Any CPU.ActiveCfg = Debug|Any CPU
		{7EC1D299-070E-46BC-A02C-1FCDB86AA893}.Debug|Any CPU.Build.0 = Debug|Any CPU
		{7EC1D299-070E-46BC-A02C-1FCDB86AA893}.Release|Any CPU.ActiveCfg = Release|Any CPU
		{7EC1D299-070E-46BC-A02C-1FCDB86AA893}.Release|Any CPU.Build.0 = Release|Any CPU
	EndGlobalSection
	GlobalSection(SolutionProperties) = preSolution
		HideSolutionNode = FALSE
	EndGlobalSection
	GlobalSection(ExtensibilityGlobals) = postSolution
		SolutionGuid = {DB2BA376-D862-48ED-93D8-AAB72DE378EA}
	EndGlobalSection
EndGlobal
